
Microsoft Visual Studio Solution File, Format Version 12.00
# Visual Studio Version 16
VisualStudioVersion = 16.0.31105.61
MinimumVisualStudioVersion = 10.0.40219.1
Project("{FAE04EC0-301F-11D3-BF4B-00C04F79EFBC}") = "Project13", "Project13.csproj", "{B1D9A397-A424-4EAF-8B79-1949CA483791}"
EndProject
Global
	GlobalSection(SolutionConfigurationPlatforms) = preSolution
		Debug|Any CPU = Debug|Any CPU
		Release|Any CPU = Release|Any CPU
	EndGlobalSection
	GlobalSection(ProjectConfigurationPlatforms) = postSolution
		{B1D9A397-A424-4EAF-8B79-1949CA483791}.Debug|Any CPU.ActiveCfg = Debug|Any CPU
		{B1D9A397-A424-4EAF-8B79-1949CA483791}.Debug|Any CPU.Build.0 = Debug|Any CPU
		{B1D9A397-A424-4EAF-8B79-1949CA483791}.Release|Any CPU.ActiveCfg = Release|Any CPU
		{B1D9A397-A424-4EAF-8B79-1949CA483791}.Release|Any CPU.Build.0 = Release|Any CPU
	EndGlobalSection
	GlobalSection(SolutionProperties) = preSolution
		HideSolutionNode = FALSE
	EndGlobalSection
	GlobalSection(ExtensibilityGlobals) = postSolution
		SolutionGuid = {799A5BA0-96B8-432C-8D52-3CED75292DAD}
	EndGlobalSection
EndGlobal
