
Microsoft Visual Studio Solution File, Format Version 12.00
# Visual Studio Version 16
VisualStudioVersion = 16.0.31105.61
MinimumVisualStudioVersion = 10.0.40219.1
Project("{FAE04EC0-301F-11D3-BF4B-00C04F79EFBC}") = "ConsoleApp3", "ConsoleApp3\ConsoleApp3.csproj", "{C427459C-C8C8-40E9-970B-AC438939428A}"
EndProject
Global
	GlobalSection(SolutionConfigurationPlatforms) = preSolution
		Debug|Any CPU = Debug|Any CPU
		Release|Any CPU = Release|Any CPU
	EndGlobalSection
	GlobalSection(ProjectConfigurationPlatforms) = postSolution
		{C427459C-C8C8-40E9-970B-AC438939428A}.Debug|Any CPU.ActiveCfg = Debug|Any CPU
		{C427459C-C8C8-40E9-970B-AC438939428A}.Debug|Any CPU.Build.0 = Debug|Any CPU
		{C427459C-C8C8-40E9-970B-AC438939428A}.Release|Any CPU.ActiveCfg = Release|Any CPU
		{C427459C-C8C8-40E9-970B-AC438939428A}.Release|Any CPU.Build.0 = Release|Any CPU
	EndGlobalSection
	GlobalSection(SolutionProperties) = preSolution
		HideSolutionNode = FALSE
	EndGlobalSection
	GlobalSection(ExtensibilityGlobals) = postSolution
		SolutionGuid = {92385DF4-6ABE-4677-A457-BBD92B75F46E}
	EndGlobalSection
EndGlobal
