
Microsoft Visual Studio Solution File, Format Version 12.00
# Visual Studio Version 16
VisualStudioVersion = 16.0.31112.23
MinimumVisualStudioVersion = 10.0.40219.1
Project("{FAE04EC0-301F-11D3-BF4B-00C04F79EFBC}") = "InterfacePractice0404", "InterfacePractice0404\InterfacePractice0404.csproj", "{04840E40-768E-4E22-A27A-2EA3ACC812DE}"
EndProject
Global
	GlobalSection(SolutionConfigurationPlatforms) = preSolution
		Debug|Any CPU = Debug|Any CPU
		Release|Any CPU = Release|Any CPU
	EndGlobalSection
	GlobalSection(ProjectConfigurationPlatforms) = postSolution
		{04840E40-768E-4E22-A27A-2EA3ACC812DE}.Debug|Any CPU.ActiveCfg = Debug|Any CPU
		{04840E40-768E-4E22-A27A-2EA3ACC812DE}.Debug|Any CPU.Build.0 = Debug|Any CPU
		{04840E40-768E-4E22-A27A-2EA3ACC812DE}.Release|Any CPU.ActiveCfg = Release|Any CPU
		{04840E40-768E-4E22-A27A-2EA3ACC812DE}.Release|Any CPU.Build.0 = Release|Any CPU
	EndGlobalSection
	GlobalSection(SolutionProperties) = preSolution
		HideSolutionNode = FALSE
	EndGlobalSection
	GlobalSection(ExtensibilityGlobals) = postSolution
		SolutionGuid = {A4A2C491-2096-4A53-B103-BAC3EACCED52}
	EndGlobalSection
EndGlobal
