
Microsoft Visual Studio Solution File, Format Version 12.00
# Visual Studio Version 16
VisualStudioVersion = 16.0.31129.286
MinimumVisualStudioVersion = 10.0.40219.1
Project("{FAE04EC0-301F-11D3-BF4B-00C04F79EFBC}") = "ConsoleApp0422", "ConsoleApp0422.csproj", "{B041EE4E-F603-42A2-B8F7-2270AB57C9ED}"
EndProject
Global
	GlobalSection(SolutionConfigurationPlatforms) = preSolution
		Debug|Any CPU = Debug|Any CPU
		Release|Any CPU = Release|Any CPU
	EndGlobalSection
	GlobalSection(ProjectConfigurationPlatforms) = postSolution
		{B041EE4E-F603-42A2-B8F7-2270AB57C9ED}.Debug|Any CPU.ActiveCfg = Debug|Any CPU
		{B041EE4E-F603-42A2-B8F7-2270AB57C9ED}.Debug|Any CPU.Build.0 = Debug|Any CPU
		{B041EE4E-F603-42A2-B8F7-2270AB57C9ED}.Release|Any CPU.ActiveCfg = Release|Any CPU
		{B041EE4E-F603-42A2-B8F7-2270AB57C9ED}.Release|Any CPU.Build.0 = Release|Any CPU
	EndGlobalSection
	GlobalSection(SolutionProperties) = preSolution
		HideSolutionNode = FALSE
	EndGlobalSection
	GlobalSection(ExtensibilityGlobals) = postSolution
		SolutionGuid = {A612D4C3-1AFF-428E-BCFD-7672FC057032}
	EndGlobalSection
EndGlobal
