
Microsoft Visual Studio Solution File, Format Version 12.00
# Visual Studio Version 16
VisualStudioVersion = 16.0.31105.61
MinimumVisualStudioVersion = 10.0.40219.1
Project("{FAE04EC0-301F-11D3-BF4B-00C04F79EFBC}") = "Project08", "Project08.csproj", "{9750D541-BB81-4B22-ADD4-10F2C91B1560}"
EndProject
Global
	GlobalSection(SolutionConfigurationPlatforms) = preSolution
		Debug|Any CPU = Debug|Any CPU
		Release|Any CPU = Release|Any CPU
	EndGlobalSection
	GlobalSection(ProjectConfigurationPlatforms) = postSolution
		{9750D541-BB81-4B22-ADD4-10F2C91B1560}.Debug|Any CPU.ActiveCfg = Debug|Any CPU
		{9750D541-BB81-4B22-ADD4-10F2C91B1560}.Debug|Any CPU.Build.0 = Debug|Any CPU
		{9750D541-BB81-4B22-ADD4-10F2C91B1560}.Release|Any CPU.ActiveCfg = Release|Any CPU
		{9750D541-BB81-4B22-ADD4-10F2C91B1560}.Release|Any CPU.Build.0 = Release|Any CPU
	EndGlobalSection
	GlobalSection(SolutionProperties) = preSolution
		HideSolutionNode = FALSE
	EndGlobalSection
	GlobalSection(ExtensibilityGlobals) = postSolution
		SolutionGuid = {BD4F3FE4-8B2E-4894-A5E2-EE7CC05E7A1E}
	EndGlobalSection
EndGlobal
