
Microsoft Visual Studio Solution File, Format Version 12.00
# Visual Studio Version 16
VisualStudioVersion = 16.0.31112.23
MinimumVisualStudioVersion = 10.0.40219.1
Project("{FAE04EC0-301F-11D3-BF4B-00C04F79EFBC}") = "Programmers", "Programmers\Programmers.csproj", "{0B991A7C-5A3B-4A94-ABA9-7F51120AFE66}"
EndProject
Global
	GlobalSection(SolutionConfigurationPlatforms) = preSolution
		Debug|Any CPU = Debug|Any CPU
		Release|Any CPU = Release|Any CPU
	EndGlobalSection
	GlobalSection(ProjectConfigurationPlatforms) = postSolution
		{0B991A7C-5A3B-4A94-ABA9-7F51120AFE66}.Debug|Any CPU.ActiveCfg = Debug|Any CPU
		{0B991A7C-5A3B-4A94-ABA9-7F51120AFE66}.Debug|Any CPU.Build.0 = Debug|Any CPU
		{0B991A7C-5A3B-4A94-ABA9-7F51120AFE66}.Release|Any CPU.ActiveCfg = Release|Any CPU
		{0B991A7C-5A3B-4A94-ABA9-7F51120AFE66}.Release|Any CPU.Build.0 = Release|Any CPU
	EndGlobalSection
	GlobalSection(SolutionProperties) = preSolution
		HideSolutionNode = FALSE
	EndGlobalSection
	GlobalSection(ExtensibilityGlobals) = postSolution
		SolutionGuid = {372CEB81-5B77-4A60-86A4-0585E83B5A05}
	EndGlobalSection
EndGlobal
