
Microsoft Visual Studio Solution File, Format Version 12.00
# Visual Studio Version 16
VisualStudioVersion = 16.0.31112.23
MinimumVisualStudioVersion = 10.0.40219.1
Project("{FAE04EC0-301F-11D3-BF4B-00C04F79EFBC}") = "0429 inven sort", "0429 inven sort\0429 inven sort.csproj", "{A50FE172-EB44-43B9-AE15-16B9AB4F4C9B}"
EndProject
Global
	GlobalSection(SolutionConfigurationPlatforms) = preSolution
		Debug|Any CPU = Debug|Any CPU
		Release|Any CPU = Release|Any CPU
	EndGlobalSection
	GlobalSection(ProjectConfigurationPlatforms) = postSolution
		{A50FE172-EB44-43B9-AE15-16B9AB4F4C9B}.Debug|Any CPU.ActiveCfg = Debug|Any CPU
		{A50FE172-EB44-43B9-AE15-16B9AB4F4C9B}.Debug|Any CPU.Build.0 = Debug|Any CPU
		{A50FE172-EB44-43B9-AE15-16B9AB4F4C9B}.Release|Any CPU.ActiveCfg = Release|Any CPU
		{A50FE172-EB44-43B9-AE15-16B9AB4F4C9B}.Release|Any CPU.Build.0 = Release|Any CPU
	EndGlobalSection
	GlobalSection(SolutionProperties) = preSolution
		HideSolutionNode = FALSE
	EndGlobalSection
	GlobalSection(ExtensibilityGlobals) = postSolution
		SolutionGuid = {7E5EB6CA-151F-4D55-B9A8-6726A965650E}
	EndGlobalSection
EndGlobal
