
Microsoft Visual Studio Solution File, Format Version 12.00
# Visual Studio Version 16
VisualStudioVersion = 16.0.31105.61
MinimumVisualStudioVersion = 10.0.40219.1
Project("{FAE04EC0-301F-11D3-BF4B-00C04F79EFBC}") = "ConsoleApp4", "ConsoleApp4.csproj", "{0ABE8EE8-F575-4C78-B9C2-45515BEB4D3C}"
EndProject
Global
	GlobalSection(SolutionConfigurationPlatforms) = preSolution
		Debug|Any CPU = Debug|Any CPU
		Release|Any CPU = Release|Any CPU
	EndGlobalSection
	GlobalSection(ProjectConfigurationPlatforms) = postSolution
		{0ABE8EE8-F575-4C78-B9C2-45515BEB4D3C}.Debug|Any CPU.ActiveCfg = Debug|Any CPU
		{0ABE8EE8-F575-4C78-B9C2-45515BEB4D3C}.Debug|Any CPU.Build.0 = Debug|Any CPU
		{0ABE8EE8-F575-4C78-B9C2-45515BEB4D3C}.Release|Any CPU.ActiveCfg = Release|Any CPU
		{0ABE8EE8-F575-4C78-B9C2-45515BEB4D3C}.Release|Any CPU.Build.0 = Release|Any CPU
	EndGlobalSection
	GlobalSection(SolutionProperties) = preSolution
		HideSolutionNode = FALSE
	EndGlobalSection
	GlobalSection(ExtensibilityGlobals) = postSolution
		SolutionGuid = {13BD24BF-E00C-4D87-9A80-477AB636F468}
	EndGlobalSection
EndGlobal
